{
  "version": 4,
  "terraform_version": "0.14.10",
  "serial": 556,
  "lineage": "6b0f6d4d-1016-efd3-d6f5-f3961eced3e9",
  "outputs": {},
  "resources": [
    {
      "module": "module.cloudwatch-pic",
      "mode": "managed",
      "type": "aws_cloudwatch_event_rule",
      "name": "cloudwatch_dispara_pic",
      "provider": "provider[\"registry.terraform.io/hashicorp/aws\"]",
      "instances": [
        {
          "schema_version": 0,
          "attributes": {
            "arn": "arn:aws:events:us-east-1:881093611009:rule/cloudwatch_dispara_pic",
            "description": "",
            "event_bus_name": "default",
            "event_pattern": null,
            "id": "cloudwatch_dispara_pic",
            "is_enabled": true,
            "name": "cloudwatch_dispara_pic",
            "name_prefix": "",
            "role_arn": "",
            "schedule_expression": "rate(1 minute)",
            "tags": null
          },
          "sensitive_attributes": [],
          "private": "bnVsbA==",
          "dependencies": [
            "module.kinesis-pic.aws_kinesis_firehose_delivery_stream.cleaned_s3_stream",
            "module.kinesis-pic.aws_kinesis_firehose_delivery_stream.kinesis_raw_pic",
            "module.kinesis-pic.aws_kinesis_stream.kinesis_picpay_testeapi",
            "module.lambda-pic.aws_lambda_function.lambda_cleaning_pic",
            "module.lambda-pic.aws_lambda_function.lambda_function",
            "module.role-pic.aws_iam_policy.policy_pic_teste",
            "module.role-pic.aws_iam_role.picpay_role_teste",
            "module.role-pic.aws_iam_role_policy_attachment.picpay_teste_role_attach",
            "module.s3-bucket-pic.aws_s3_bucket.cleaned8",
            "module.s3-bucket-pic.aws_s3_bucket.raw8"
          ]
        }
      ]
    },
    {
      "module": "module.cloudwatch-pic",
      "mode": "managed",
      "type": "aws_cloudwatch_event_target",
      "name": "cloudwatch_dispara",
      "provider": "provider[\"registry.terraform.io/hashicorp/aws\"]",
      "instances": [
        {
          "schema_version": 1,
          "attributes": {
            "arn": "arn:aws:lambda:us-east-1:881093611009:function:api_lambda_processor",
            "batch_target": [],
            "dead_letter_config": [],
            "ecs_target": [],
            "event_bus_name": "default",
            "id": "cloudwatch_dispara_pic-terraform-20210413011639408600000002",
            "input": "",
            "input_path": "",
            "input_transformer": [],
            "kinesis_target": [],
            "retry_policy": [],
            "role_arn": "",
            "rule": "cloudwatch_dispara_pic",
            "run_command_targets": [],
            "sqs_target": [],
            "target_id": "terraform-20210413011639408600000002"
          },
          "sensitive_attributes": [],
          "private": "eyJzY2hlbWFfdmVyc2lvbiI6IjEifQ==",
          "dependencies": [
            "module.cloudwatch-pic.aws_cloudwatch_event_rule.cloudwatch_dispara_pic",
            "module.kinesis-pic.aws_kinesis_firehose_delivery_stream.cleaned_s3_stream",
            "module.kinesis-pic.aws_kinesis_firehose_delivery_stream.kinesis_raw_pic",
            "module.kinesis-pic.aws_kinesis_stream.kinesis_picpay_testeapi",
            "module.lambda-pic.aws_lambda_function.lambda_cleaning_pic",
            "module.lambda-pic.aws_lambda_function.lambda_function",
            "module.role-pic.aws_iam_policy.policy_pic_teste",
            "module.role-pic.aws_iam_role.picpay_role_teste",
            "module.role-pic.aws_iam_role_policy_attachment.picpay_teste_role_attach",
            "module.s3-bucket-pic.aws_s3_bucket.cleaned8",
            "module.s3-bucket-pic.aws_s3_bucket.raw8"
          ]
        }
      ]
    },
    {
      "module": "module.cloudwatch-pic",
      "mode": "managed",
      "type": "aws_lambda_permission",
      "name": "permite_cloudwatch",
      "provider": "provider[\"registry.terraform.io/hashicorp/aws\"]",
      "instances": [
        {
          "schema_version": 0,
          "attributes": {
            "action": "lambda:InvokeFunction",
            "event_source_token": null,
            "function_name": "api_lambda_processor",
            "id": "AllowExecutionFromCloudWatch",
            "principal": "events.amazonaws.com",
            "qualifier": "",
            "source_account": null,
            "source_arn": "arn:aws:events:us-east-1:881093611009:rule/cloudwatch_dispara_pic",
            "statement_id": "AllowExecutionFromCloudWatch",
            "statement_id_prefix": null
          },
          "sensitive_attributes": [],
          "private": "bnVsbA==",
          "dependencies": [
            "module.cloudwatch-pic.aws_cloudwatch_event_rule.cloudwatch_dispara_pic",
            "module.kinesis-pic.aws_kinesis_firehose_delivery_stream.cleaned_s3_stream",
            "module.kinesis-pic.aws_kinesis_firehose_delivery_stream.kinesis_raw_pic",
            "module.kinesis-pic.aws_kinesis_stream.kinesis_picpay_testeapi",
            "module.lambda-pic.aws_lambda_function.lambda_cleaning_pic",
            "module.lambda-pic.aws_lambda_function.lambda_function",
            "module.role-pic.aws_iam_policy.policy_pic_teste",
            "module.role-pic.aws_iam_role.picpay_role_teste",
            "module.role-pic.aws_iam_role_policy_attachment.picpay_teste_role_attach",
            "module.s3-bucket-pic.aws_s3_bucket.cleaned8",
            "module.s3-bucket-pic.aws_s3_bucket.raw8"
          ]
        }
      ]
    },
    {
      "module": "module.glue-pic",
      "mode": "managed",
      "type": "aws_glue_catalog_database",
      "name": "data_base_glue",
      "provider": "provider[\"registry.terraform.io/hashicorp/aws\"]",
      "instances": [
        {
          "schema_version": 0,
          "attributes": {
            "arn": "arn:aws:glue:us-east-1:881093611009:database/data_base_glue",
            "catalog_id": "881093611009",
            "description": "",
            "id": "881093611009:data_base_glue",
            "location_uri": "",
            "name": "data_base_glue",
            "parameters": null
          },
          "sensitive_attributes": [],
          "private": "bnVsbA==",
          "dependencies": [
            "module.cloudwatch-pic.aws_cloudwatch_event_rule.cloudwatch_dispara_pic",
            "module.cloudwatch-pic.aws_cloudwatch_event_target.cloudwatch_dispara",
            "module.cloudwatch-pic.aws_lambda_permission.permite_cloudwatch",
            "module.kinesis-pic.aws_kinesis_firehose_delivery_stream.cleaned_s3_stream",
            "module.kinesis-pic.aws_kinesis_firehose_delivery_stream.kinesis_raw_pic",
            "module.kinesis-pic.aws_kinesis_stream.kinesis_picpay_testeapi",
            "module.lambda-pic.aws_lambda_function.lambda_cleaning_pic",
            "module.lambda-pic.aws_lambda_function.lambda_function",
            "module.role-pic.aws_iam_policy.policy_pic_teste",
            "module.role-pic.aws_iam_role.picpay_role_teste",
            "module.role-pic.aws_iam_role_policy_attachment.picpay_teste_role_attach",
            "module.s3-bucket-pic.aws_s3_bucket.cleaned8",
            "module.s3-bucket-pic.aws_s3_bucket.raw8"
          ]
        }
      ]
    },
    {
      "module": "module.glue-pic",
      "mode": "managed",
      "type": "aws_glue_catalog_database",
      "name": "metastore",
      "provider": "provider[\"registry.terraform.io/hashicorp/aws\"]",
      "instances": [
        {
          "schema_version": 0,
          "attributes": {
            "arn": "arn:aws:glue:us-east-1:881093611009:database/hive-metastore",
            "catalog_id": "881093611009",
            "description": "",
            "id": "881093611009:hive-metastore",
            "location_uri": "",
            "name": "hive-metastore",
            "parameters": null
          },
          "sensitive_attributes": [],
          "private": "bnVsbA==",
          "dependencies": [
            "module.cloudwatch-pic.aws_cloudwatch_event_rule.cloudwatch_dispara_pic",
            "module.cloudwatch-pic.aws_cloudwatch_event_target.cloudwatch_dispara",
            "module.cloudwatch-pic.aws_lambda_permission.permite_cloudwatch",
            "module.kinesis-pic.aws_kinesis_firehose_delivery_stream.cleaned_s3_stream",
            "module.kinesis-pic.aws_kinesis_firehose_delivery_stream.kinesis_raw_pic",
            "module.kinesis-pic.aws_kinesis_stream.kinesis_picpay_testeapi",
            "module.lambda-pic.aws_lambda_function.lambda_cleaning_pic",
            "module.lambda-pic.aws_lambda_function.lambda_function",
            "module.role-pic.aws_iam_policy.policy_pic_teste",
            "module.role-pic.aws_iam_role.picpay_role_teste",
            "module.role-pic.aws_iam_role_policy_attachment.picpay_teste_role_attach",
            "module.s3-bucket-pic.aws_s3_bucket.cleaned8",
            "module.s3-bucket-pic.aws_s3_bucket.raw8"
          ]
        }
      ]
    },
    {
      "module": "module.glue-pic",
      "mode": "managed",
      "type": "aws_glue_crawler",
      "name": "cleaned_crawler",
      "provider": "provider[\"registry.terraform.io/hashicorp/aws\"]",
      "instances": [
        {
          "schema_version": 0,
          "attributes": {
            "arn": "arn:aws:glue:us-east-1:881093611009:crawler/cleaned-crawler-glue",
            "catalog_target": [],
            "classifiers": null,
            "configuration": "{\"Version\":1.0,\"Grouping\":{\"TableGroupingPolicy\":\"CombineCompatibleSchemas\"}}",
            "database_name": "data_base_glue",
            "description": "",
            "dynamodb_target": [],
            "id": "cleaned-crawler-glue",
            "jdbc_target": [],
            "lineage_configuration": [
              {
                "crawler_lineage_settings": "DISABLE"
              }
            ],
            "mongodb_target": [],
            "name": "cleaned-crawler-glue",
            "recrawl_policy": [
              {
                "recrawl_behavior": "CRAWL_EVERYTHING"
              }
            ],
            "role": "picpay_role_teste",
            "s3_target": [
              {
                "connection_name": "",
                "exclusions": null,
                "path": "s3://picpay-bucket-kaio-cleaned8/"
              }
            ],
            "schedule": "",
            "schema_change_policy": [
              {
                "delete_behavior": "DEPRECATE_IN_DATABASE",
                "update_behavior": "UPDATE_IN_DATABASE"
              }
            ],
            "security_configuration": "",
            "table_prefix": "",
            "tags": null
          },
          "sensitive_attributes": [],
          "private": "bnVsbA==",
          "dependencies": [
            "module.cloudwatch-pic.aws_cloudwatch_event_rule.cloudwatch_dispara_pic",
            "module.cloudwatch-pic.aws_cloudwatch_event_target.cloudwatch_dispara",
            "module.cloudwatch-pic.aws_lambda_permission.permite_cloudwatch",
            "module.glue-pic.aws_glue_catalog_database.data_base_glue",
            "module.kinesis-pic.aws_kinesis_firehose_delivery_stream.cleaned_s3_stream",
            "module.kinesis-pic.aws_kinesis_firehose_delivery_stream.kinesis_raw_pic",
            "module.kinesis-pic.aws_kinesis_stream.kinesis_picpay_testeapi",
            "module.lambda-pic.aws_lambda_function.lambda_cleaning_pic",
            "module.lambda-pic.aws_lambda_function.lambda_function",
            "module.role-pic.aws_iam_policy.policy_pic_teste",
            "module.role-pic.aws_iam_role.picpay_role_teste",
            "module.role-pic.aws_iam_role_policy_attachment.picpay_teste_role_attach",
            "module.s3-bucket-pic.aws_s3_bucket.cleaned8",
            "module.s3-bucket-pic.aws_s3_bucket.raw8"
          ]
        }
      ]
    },
    {
      "module": "module.kinesis-pic",
      "mode": "managed",
      "type": "aws_kinesis_firehose_delivery_stream",
      "name": "cleaned_s3_stream",
      "provider": "provider[\"registry.terraform.io/hashicorp/aws\"]",
      "instances": [
        {
          "schema_version": 1,
          "attributes": {
            "arn": "arn:aws:firehose:us-east-1:881093611009:deliverystream/terraform-kinesis-firehose-cleaned-s3",
            "destination": "extended_s3",
            "destination_id": "destinationId-000000000001",
            "elasticsearch_configuration": [],
            "extended_s3_configuration": [
              {
                "bucket_arn": "arn:aws:s3:::picpay-bucket-kaio-cleaned8",
                "buffer_interval": 300,
                "buffer_size": 64,
                "cloudwatch_logging_options": [
                  {
                    "enabled": false,
                    "log_group_name": "",
                    "log_stream_name": ""
                  }
                ],
                "compression_format": "UNCOMPRESSED",
                "data_format_conversion_configuration": [],
                "error_output_prefix": "",
                "kms_key_arn": "",
                "prefix": "",
                "processing_configuration": [
                  {
                    "enabled": true,
                    "processors": [
                      {
                        "parameters": [
                          {
                            "parameter_name": "LambdaArn",
                            "parameter_value": "arn:aws:lambda:us-east-1:881093611009:function:api_lambda_processor_cleaning"
                          }
                        ],
                        "type": "Lambda"
                      }
                    ]
                  }
                ],
                "role_arn": "arn:aws:iam::881093611009:role/picpay_role_teste",
                "s3_backup_configuration": [],
                "s3_backup_mode": "Disabled"
              }
            ],
            "http_endpoint_configuration": [],
            "id": "arn:aws:firehose:us-east-1:881093611009:deliverystream/terraform-kinesis-firehose-cleaned-s3",
            "kinesis_source_configuration": [
              {
                "kinesis_stream_arn": "arn:aws:kinesis:us-east-1:881093611009:stream/kinesis_picpay_testeapi",
                "role_arn": "arn:aws:iam::881093611009:role/picpay_role_teste"
              }
            ],
            "name": "terraform-kinesis-firehose-cleaned-s3",
            "redshift_configuration": [],
            "s3_configuration": [],
            "server_side_encryption": [
              {
                "enabled": false,
                "key_arn": "",
                "key_type": "AWS_OWNED_CMK"
              }
            ],
            "splunk_configuration": [],
            "tags": null,
            "version_id": "1"
          },
          "sensitive_attributes": [],
          "private": "eyJzY2hlbWFfdmVyc2lvbiI6IjEifQ==",
          "dependencies": [
            "module.kinesis-pic.aws_kinesis_stream.kinesis_picpay_testeapi",
            "module.lambda-pic.aws_lambda_function.lambda_cleaning_pic",
            "module.lambda-pic.aws_lambda_function.lambda_function",
            "module.role-pic.aws_iam_policy.policy_pic_teste",
            "module.role-pic.aws_iam_role.picpay_role_teste",
            "module.role-pic.aws_iam_role_policy_attachment.picpay_teste_role_attach",
            "module.s3-bucket-pic.aws_s3_bucket.cleaned8",
            "module.s3-bucket-pic.aws_s3_bucket.raw8"
          ]
        }
      ]
    },
    {
      "module": "module.kinesis-pic",
      "mode": "managed",
      "type": "aws_kinesis_firehose_delivery_stream",
      "name": "kinesis_raw_pic",
      "provider": "provider[\"registry.terraform.io/hashicorp/aws\"]",
      "instances": [
        {
          "schema_version": 1,
          "attributes": {
            "arn": "arn:aws:firehose:us-east-1:881093611009:deliverystream/terraform-kinesis-firehose-s3",
            "destination": "s3",
            "destination_id": "destinationId-000000000001",
            "elasticsearch_configuration": [],
            "extended_s3_configuration": [],
            "http_endpoint_configuration": [],
            "id": "arn:aws:firehose:us-east-1:881093611009:deliverystream/terraform-kinesis-firehose-s3",
            "kinesis_source_configuration": [
              {
                "kinesis_stream_arn": "arn:aws:kinesis:us-east-1:881093611009:stream/kinesis_picpay_testeapi",
                "role_arn": "arn:aws:iam::881093611009:role/picpay_role_teste"
              }
            ],
            "name": "terraform-kinesis-firehose-s3",
            "redshift_configuration": [],
            "s3_configuration": [
              {
                "bucket_arn": "arn:aws:s3:::picpay-bucket-kaio-raw8",
                "buffer_interval": 300,
                "buffer_size": 5,
                "cloudwatch_logging_options": [
                  {
                    "enabled": false,
                    "log_group_name": "",
                    "log_stream_name": ""
                  }
                ],
                "compression_format": "UNCOMPRESSED",
                "kms_key_arn": "",
                "prefix": "",
                "role_arn": "arn:aws:iam::881093611009:role/picpay_role_teste"
              }
            ],
            "server_side_encryption": [
              {
                "enabled": false,
                "key_arn": "",
                "key_type": "AWS_OWNED_CMK"
              }
            ],
            "splunk_configuration": [],
            "tags": null,
            "version_id": "1"
          },
          "sensitive_attributes": [],
          "private": "eyJzY2hlbWFfdmVyc2lvbiI6IjEifQ==",
          "dependencies": [
            "module.kinesis-pic.aws_kinesis_stream.kinesis_picpay_testeapi",
            "module.lambda-pic.aws_lambda_function.lambda_cleaning_pic",
            "module.lambda-pic.aws_lambda_function.lambda_function",
            "module.role-pic.aws_iam_policy.policy_pic_teste",
            "module.role-pic.aws_iam_role.picpay_role_teste",
            "module.role-pic.aws_iam_role_policy_attachment.picpay_teste_role_attach",
            "module.s3-bucket-pic.aws_s3_bucket.cleaned8",
            "module.s3-bucket-pic.aws_s3_bucket.raw8"
          ]
        }
      ]
    },
    {
      "module": "module.kinesis-pic",
      "mode": "managed",
      "type": "aws_kinesis_stream",
      "name": "kinesis_picpay_testeapi",
      "provider": "provider[\"registry.terraform.io/hashicorp/aws\"]",
      "instances": [
        {
          "schema_version": 1,
          "attributes": {
            "arn": "arn:aws:kinesis:us-east-1:881093611009:stream/kinesis_picpay_testeapi",
            "encryption_type": "NONE",
            "enforce_consumer_deletion": false,
            "id": "arn:aws:kinesis:us-east-1:881093611009:stream/kinesis_picpay_testeapi",
            "kms_key_id": "",
            "name": "kinesis_picpay_testeapi",
            "retention_period": 24,
            "shard_count": 1,
            "shard_level_metrics": [
              "IncomingBytes",
              "OutgoingBytes"
            ],
            "tags": {
              "Environment": "picteste"
            },
            "timeouts": null
          },
          "sensitive_attributes": [],
          "private": "eyJlMmJmYjczMC1lY2FhLTExZTYtOGY4OC0zNDM2M2JjN2M0YzAiOnsiY3JlYXRlIjozMDAwMDAwMDAwMDAsImRlbGV0ZSI6NzIwMDAwMDAwMDAwMCwidXBkYXRlIjo3MjAwMDAwMDAwMDAwfSwic2NoZW1hX3ZlcnNpb24iOiIxIn0=",
          "dependencies": [
            "module.lambda-pic.aws_lambda_function.lambda_cleaning_pic",
            "module.lambda-pic.aws_lambda_function.lambda_function",
            "module.role-pic.aws_iam_policy.policy_pic_teste",
            "module.role-pic.aws_iam_role.picpay_role_teste",
            "module.role-pic.aws_iam_role_policy_attachment.picpay_teste_role_attach",
            "module.s3-bucket-pic.aws_s3_bucket.cleaned8",
            "module.s3-bucket-pic.aws_s3_bucket.raw8"
          ]
        }
      ]
    },
    {
      "module": "module.lambda-pic",
      "mode": "managed",
      "type": "aws_lambda_function",
      "name": "lambda_cleaning_pic",
      "provider": "provider[\"registry.terraform.io/hashicorp/aws\"]",
      "instances": [
        {
          "schema_version": 0,
          "attributes": {
            "arn": "arn:aws:lambda:us-east-1:881093611009:function:api_lambda_processor_cleaning",
            "code_signing_config_arn": "",
            "dead_letter_config": [],
            "description": "",
            "environment": [],
            "file_system_config": [],
            "filename": "lambda-pic/lambda_cleaning_pic.zip",
            "function_name": "api_lambda_processor_cleaning",
            "handler": "lambda_cleaning_pic.lambda_handler",
            "id": "api_lambda_processor_cleaning",
            "image_config": [],
            "image_uri": "",
            "invoke_arn": "arn:aws:apigateway:us-east-1:lambda:path/2015-03-31/functions/arn:aws:lambda:us-east-1:881093611009:function:api_lambda_processor_cleaning/invocations",
            "kms_key_arn": "",
            "last_modified": "2021-04-13T01:15:31.493+0000",
            "layers": null,
            "memory_size": 128,
            "package_type": "Zip",
            "publish": false,
            "qualified_arn": "arn:aws:lambda:us-east-1:881093611009:function:api_lambda_processor_cleaning:$LATEST",
            "reserved_concurrent_executions": -1,
            "role": "arn:aws:iam::881093611009:role/picpay_role_teste",
            "runtime": "python3.6",
            "s3_bucket": null,
            "s3_key": null,
            "s3_object_version": null,
            "signing_job_arn": "",
            "signing_profile_version_arn": "",
            "source_code_hash": "7QWWK6rHziFOZtG7gGaAaKuxj6VrWB6r1deJKu+e4Sk=",
            "source_code_size": 1242,
            "tags": null,
            "timeout": 60,
            "timeouts": null,
            "tracing_config": [
              {
                "mode": "PassThrough"
              }
            ],
            "version": "$LATEST",
            "vpc_config": []
          },
          "sensitive_attributes": [],
          "private": "eyJlMmJmYjczMC1lY2FhLTExZTYtOGY4OC0zNDM2M2JjN2M0YzAiOnsiY3JlYXRlIjo2MDAwMDAwMDAwMDB9fQ==",
          "dependencies": [
            "module.role-pic.aws_iam_policy.policy_pic_teste",
            "module.role-pic.aws_iam_role.picpay_role_teste",
            "module.role-pic.aws_iam_role_policy_attachment.picpay_teste_role_attach",
            "module.s3-bucket-pic.aws_s3_bucket.cleaned8",
            "module.s3-bucket-pic.aws_s3_bucket.raw8"
          ]
        }
      ]
    },
    {
      "module": "module.lambda-pic",
      "mode": "managed",
      "type": "aws_lambda_function",
      "name": "lambda_function",
      "provider": "provider[\"registry.terraform.io/hashicorp/aws\"]",
      "instances": [
        {
          "schema_version": 0,
          "attributes": {
            "arn": "arn:aws:lambda:us-east-1:881093611009:function:api_lambda_processor",
            "code_signing_config_arn": "",
            "dead_letter_config": [],
            "description": "",
            "environment": [],
            "file_system_config": [],
            "filename": "lambda-pic/lambda_function.zip",
            "function_name": "api_lambda_processor",
            "handler": "lambda_function.lambda_handler",
            "id": "api_lambda_processor",
            "image_config": [],
            "image_uri": "",
            "invoke_arn": "arn:aws:apigateway:us-east-1:lambda:path/2015-03-31/functions/arn:aws:lambda:us-east-1:881093611009:function:api_lambda_processor/invocations",
            "kms_key_arn": "",
            "last_modified": "2021-04-13T01:15:23.002+0000",
            "layers": null,
            "memory_size": 128,
            "package_type": "Zip",
            "publish": false,
            "qualified_arn": "arn:aws:lambda:us-east-1:881093611009:function:api_lambda_processor:$LATEST",
            "reserved_concurrent_executions": -1,
            "role": "arn:aws:iam::881093611009:role/picpay_role_teste",
            "runtime": "python3.6",
            "s3_bucket": null,
            "s3_key": null,
            "s3_object_version": null,
            "signing_job_arn": "",
            "signing_profile_version_arn": "",
            "source_code_hash": "NglK5cQQmqTp+Kh9bb0okljWisAO4EJPjuLpNuMrDcI=",
            "source_code_size": 987,
            "tags": null,
            "timeout": 60,
            "timeouts": null,
            "tracing_config": [
              {
                "mode": "PassThrough"
              }
            ],
            "version": "$LATEST",
            "vpc_config": []
          },
          "sensitive_attributes": [],
          "private": "eyJlMmJmYjczMC1lY2FhLTExZTYtOGY4OC0zNDM2M2JjN2M0YzAiOnsiY3JlYXRlIjo2MDAwMDAwMDAwMDB9fQ==",
          "dependencies": [
            "module.role-pic.aws_iam_policy.policy_pic_teste",
            "module.role-pic.aws_iam_role.picpay_role_teste",
            "module.role-pic.aws_iam_role_policy_attachment.picpay_teste_role_attach",
            "module.s3-bucket-pic.aws_s3_bucket.cleaned8",
            "module.s3-bucket-pic.aws_s3_bucket.raw8"
          ]
        }
      ]
    },
    {
      "module": "module.role-pic",
      "mode": "managed",
      "type": "aws_iam_policy",
      "name": "policy_pic_teste",
      "provider": "provider[\"registry.terraform.io/hashicorp/aws\"]",
      "instances": [
        {
          "schema_version": 0,
          "attributes": {
            "arn": "arn:aws:iam::881093611009:policy/policy_pic_teste",
            "description": "Politicas de execução para o projeto do pic-pay vaga Pleno",
            "id": "arn:aws:iam::881093611009:policy/policy_pic_teste",
            "name": "policy_pic_teste",
            "name_prefix": null,
            "path": "/",
            "policy": "{\r\n    \"Version\": \"2012-10-17\",\r\n    \"Statement\": [\r\n        {\r\n            \"Effect\": \"Allow\",\r\n            \"Action\": \"kinesis:*\",\r\n            \"Resource\": \"*\"\r\n        },\r\n        {\r\n            \"Effect\": \"Allow\",\r\n            \"Action\": [\r\n                \"glue:*\",\r\n                \"iam:ListRoles\",\r\n                \"iam:ListUsers\",\r\n                \"iam:ListGroups\",\r\n                \"iam:ListRolePolicies\",\r\n                \"iam:GetRole\",\r\n                \"iam:GetRolePolicy\",\r\n                \"iam:ListAttachedRolePolicies\",\r\n                \"s3:ListAllMyBuckets\",\r\n                \"s3:ListBucket\",\r\n                \"s3:GetBucketAcl\",\r\n                \"s3:GetBucketLocation\",\r\n                \"cloudwatch:GetMetricData\",\r\n                \"cloudwatch:ListDashboards\"\r\n            ],\r\n            \"Resource\": [\r\n                \"*\"\r\n            ]\r\n        },\r\n        {\r\n            \"Effect\": \"Allow\",\r\n            \"Action\": [\r\n                \"s3:GetObject\",\r\n                \"s3:PutObject\"\r\n            ],\r\n            \"Resource\": [\r\n                \"arn:aws:s3:::aws-glue-*/*\",\r\n                \"arn:aws:s3:::*/*aws-glue-*/*\",\r\n                \"arn:aws:s3:::aws-glue-*\"\r\n            ]\r\n        },\r\n        {\r\n            \"Effect\": \"Allow\",\r\n            \"Action\": [\r\n                \"tag:GetResources\"\r\n            ],\r\n            \"Resource\": [\r\n                \"*\"\r\n            ]\r\n        },\r\n        {\r\n            \"Effect\": \"Allow\",\r\n            \"Action\": [\r\n                \"s3:CreateBucket\"\r\n            ],\r\n            \"Resource\": [\r\n                \"arn:aws:s3:::aws-glue-*\"\r\n            ]\r\n        },\r\n        {\r\n            \"Effect\": \"Allow\",\r\n            \"Action\": [\r\n                \"logs:GetLogEvents\"\r\n            ],\r\n            \"Resource\": [\r\n                \"arn:aws:logs:*:*:/aws-glue/*\"\r\n            ]\r\n        },\r\n        {\r\n            \"Action\": [\r\n                \"iam:PassRole\"\r\n            ],\r\n            \"Effect\": \"Allow\",\r\n            \"Resource\": \"arn:aws:iam::*:role/AWSGlueServiceRole*\",\r\n            \"Condition\": {\r\n                \"StringLike\": {\r\n                    \"iam:PassedToService\": [\r\n                        \"glue.amazonaws.com\"\r\n                    ]\r\n                }\r\n            }\r\n        },\r\n        {\r\n            \"Action\": [\r\n                \"iam:PassRole\"\r\n            ],\r\n            \"Effect\": \"Allow\",\r\n            \"Resource\": [\r\n                \"arn:aws:iam::*:role/service-role/AWSGlueServiceRole*\"\r\n            ],\r\n            \"Condition\": {\r\n                \"StringLike\": {\r\n                    \"iam:PassedToService\": [\r\n                        \"glue.amazonaws.com\"\r\n                    ]\r\n                }\r\n            }\r\n        },\r\n        {\r\n            \"Effect\": \"Allow\",\r\n            \"Action\": \"s3:*\",\r\n            \"Resource\": \"*\"\r\n        },\r\n        {\r\n            \"Effect\": \"Allow\",\r\n            \"Action\": [\r\n                \"cloudformation:DescribeStacks\",\r\n                \"cloudformation:ListStackResources\",\r\n                \"cloudwatch:ListMetrics\",\r\n                \"cloudwatch:GetMetricData\",\r\n                \"ec2:DescribeSecurityGroups\",\r\n                \"ec2:DescribeSubnets\",\r\n                \"ec2:DescribeVpcs\",\r\n                \"kms:ListAliases\",\r\n                \"iam:GetPolicy\",\r\n                \"iam:GetPolicyVersion\",\r\n                \"iam:GetRole\",\r\n                \"iam:GetRolePolicy\",\r\n                \"iam:ListAttachedRolePolicies\",\r\n                \"iam:ListRolePolicies\",\r\n                \"iam:ListRoles\",\r\n                \"lambda:*\",\r\n                \"logs:DescribeLogGroups\",\r\n                \"states:DescribeStateMachine\",\r\n                \"states:ListStateMachines\",\r\n                \"tag:GetResources\",\r\n                \"xray:GetTraceSummaries\",\r\n                \"xray:BatchGetTraces\"\r\n            ],\r\n            \"Resource\": \"*\"\r\n        },\r\n        {\r\n            \"Effect\": \"Allow\",\r\n            \"Action\": \"iam:PassRole\",\r\n            \"Resource\": \"*\",\r\n            \"Condition\": {\r\n                \"StringEquals\": {\r\n                    \"iam:PassedToService\": \"lambda.amazonaws.com\"\r\n                }\r\n            }\r\n        },\r\n        {\r\n            \"Effect\": \"Allow\",\r\n            \"Action\": [\r\n                \"logs:DescribeLogStreams\",\r\n                \"logs:GetLogEvents\",\r\n                \"logs:FilterLogEvents\"\r\n            ],\r\n            \"Resource\": \"arn:aws:logs:*:*:log-group:/aws/lambda/*\"\r\n        },\r\n        \r\n        {\r\n            \"Effect\": \"Allow\",\r\n            \"Action\": [\r\n                \"logs:CreateLogGroup\",\r\n                \"logs:CreateLogStream\",\r\n                \"logs:PutLogEvents\"\r\n            ],\r\n            \"Resource\": \"*\"\r\n        }\r\n    ]\r\n}\r\n",
            "policy_id": "ANPA42JKFRYAYWHOCDNH3",
            "tags": null
          },
          "sensitive_attributes": [],
          "private": "bnVsbA=="
        }
      ]
    },
    {
      "module": "module.role-pic",
      "mode": "managed",
      "type": "aws_iam_role",
      "name": "picpay_role_teste",
      "provider": "provider[\"registry.terraform.io/hashicorp/aws\"]",
      "instances": [
        {
          "schema_version": 0,
          "attributes": {
            "arn": "arn:aws:iam::881093611009:role/picpay_role_teste",
            "assume_role_policy": "{\"Version\":\"2012-10-17\",\"Statement\":[{\"Sid\":\"\",\"Effect\":\"Allow\",\"Principal\":{\"Service\":\"lambda.amazonaws.com\"},\"Action\":\"sts:AssumeRole\"},{\"Sid\":\"\",\"Effect\":\"Allow\",\"Principal\":{\"Service\":\"firehose.amazonaws.com\"},\"Action\":\"sts:AssumeRole\"},{\"Sid\":\"\",\"Effect\":\"Allow\",\"Principal\":{\"Service\":\"glue.amazonaws.com\"},\"Action\":\"sts:AssumeRole\"}]}",
            "create_date": "2021-04-13T01:15:07Z",
            "description": "",
            "force_detach_policies": false,
            "id": "picpay_role_teste",
            "inline_policy": [
              {
                "name": "",
                "policy": ""
              }
            ],
            "managed_policy_arns": [],
            "max_session_duration": 3600,
            "name": "picpay_role_teste",
            "name_prefix": null,
            "path": "/",
            "permissions_boundary": null,
            "tags": null,
            "unique_id": "AROA42JKFRYAR6MYNQLVT"
          },
          "sensitive_attributes": [],
          "private": "bnVsbA=="
        }
      ]
    },
    {
      "module": "module.role-pic",
      "mode": "managed",
      "type": "aws_iam_role_policy_attachment",
      "name": "picpay_teste_role_attach",
      "provider": "provider[\"registry.terraform.io/hashicorp/aws\"]",
      "instances": [
        {
          "schema_version": 0,
          "attributes": {
            "id": "picpay_role_teste-20210413011507211000000001",
            "policy_arn": "arn:aws:iam::881093611009:policy/policy_pic_teste",
            "role": "picpay_role_teste"
          },
          "sensitive_attributes": [],
          "private": "bnVsbA==",
          "dependencies": [
            "module.role-pic.aws_iam_policy.policy_pic_teste",
            "module.role-pic.aws_iam_role.picpay_role_teste"
          ]
        }
      ]
    },
    {
      "module": "module.s3-bucket-pic",
      "mode": "managed",
      "type": "aws_s3_bucket",
      "name": "cleaned8",
      "provider": "provider[\"registry.terraform.io/hashicorp/aws\"]",
      "instances": [
        {
          "schema_version": 0,
          "attributes": {
            "acceleration_status": "",
            "acl": "private",
            "arn": "arn:aws:s3:::picpay-bucket-kaio-cleaned8",
            "bucket": "picpay-bucket-kaio-cleaned8",
            "bucket_domain_name": "picpay-bucket-kaio-cleaned8.s3.amazonaws.com",
            "bucket_prefix": null,
            "bucket_regional_domain_name": "picpay-bucket-kaio-cleaned8.s3.amazonaws.com",
            "cors_rule": [],
            "force_destroy": true,
            "grant": [],
            "hosted_zone_id": "Z3AQBSTGFYJSTF",
            "id": "picpay-bucket-kaio-cleaned8",
            "lifecycle_rule": [],
            "logging": [],
            "object_lock_configuration": [],
            "policy": null,
            "region": "us-east-1",
            "replication_configuration": [],
            "request_payer": "BucketOwner",
            "server_side_encryption_configuration": [],
            "tags": {
              "Environment": "picteste",
              "Name": "cleaned"
            },
            "versioning": [
              {
                "enabled": false,
                "mfa_delete": false
              }
            ],
            "website": [],
            "website_domain": null,
            "website_endpoint": null
          },
          "sensitive_attributes": [],
          "private": "bnVsbA==",
          "dependencies": [
            "module.role-pic.aws_iam_policy.policy_pic_teste",
            "module.role-pic.aws_iam_role.picpay_role_teste",
            "module.role-pic.aws_iam_role_policy_attachment.picpay_teste_role_attach"
          ]
        }
      ]
    },
    {
      "module": "module.s3-bucket-pic",
      "mode": "managed",
      "type": "aws_s3_bucket",
      "name": "raw8",
      "provider": "provider[\"registry.terraform.io/hashicorp/aws\"]",
      "instances": [
        {
          "schema_version": 0,
          "attributes": {
            "acceleration_status": "",
            "acl": "private",
            "arn": "arn:aws:s3:::picpay-bucket-kaio-raw8",
            "bucket": "picpay-bucket-kaio-raw8",
            "bucket_domain_name": "picpay-bucket-kaio-raw8.s3.amazonaws.com",
            "bucket_prefix": null,
            "bucket_regional_domain_name": "picpay-bucket-kaio-raw8.s3.amazonaws.com",
            "cors_rule": [],
            "force_destroy": true,
            "grant": [],
            "hosted_zone_id": "Z3AQBSTGFYJSTF",
            "id": "picpay-bucket-kaio-raw8",
            "lifecycle_rule": [],
            "logging": [],
            "object_lock_configuration": [],
            "policy": null,
            "region": "us-east-1",
            "replication_configuration": [],
            "request_payer": "BucketOwner",
            "server_side_encryption_configuration": [],
            "tags": {
              "Environment": "picteste",
              "Name": "raw"
            },
            "versioning": [
              {
                "enabled": false,
                "mfa_delete": false
              }
            ],
            "website": [],
            "website_domain": null,
            "website_endpoint": null
          },
          "sensitive_attributes": [],
          "private": "bnVsbA==",
          "dependencies": [
            "module.role-pic.aws_iam_policy.policy_pic_teste",
            "module.role-pic.aws_iam_role.picpay_role_teste",
            "module.role-pic.aws_iam_role_policy_attachment.picpay_teste_role_attach"
          ]
        }
      ]
    }
  ]
}
